// !$*UTF8*$!
{
	archiveVersion = 1;
	classes = {
	};
	objectVersion = 77;
	objects = {

/* Begin PBXBuildFile section */
		EA63AB302D156CE200328B28 /* Alamofire in Frameworks */ = {isa = PBXBuildFile; productRef = EA63AB2F2D156CE200328B28 /* Alamofire */; };
		EA63AB332D156D0500328B28 /* SDWebImageSwiftUI in Frameworks */ = {isa = PBXBuildFile; productRef = EA63AB322D156D0500328B28 /* SDWebImageSwiftUI */; };
/* End PBXBuildFile section */

/* Begin PBXContainerItemProxy section */
		EA63AAA02D1568C900328B28 /* PBXContainerItemProxy */ = {
			isa = PBXContainerItemProxy;
			containerPortal = EA63AA872D1568C700328B28 /* Project object */;
			proxyType = 1;
			remoteGlobalIDString = EA63AA8E2D1568C700328B28;
			remoteInfo = RickGamesHubCleanArchitecture;
		};
		EA63AAAA2D1568C900328B28 /* PBXContainerItemProxy */ = {
			isa = PBXContainerItemProxy;
			containerPortal = EA63AA872D1568C700328B28 /* Project object */;
			proxyType = 1;
			remoteGlobalIDString = EA63AA8E2D1568C700328B28;
			remoteInfo = RickGamesHubCleanArchitecture;
		};
/* End PBXContainerItemProxy section */

/* Begin PBXFileReference section */
		EA63AA8F2D1568C700328B28 /* RickGamesHubCleanArchitecture.app */ = {isa = PBXFileReference; explicitFileType = wrapper.application; includeInIndex = 0; path = RickGamesHubCleanArchitecture.app; sourceTree = BUILT_PRODUCTS_DIR; };
		EA63AA9F2D1568C900328B28 /* RickGamesHubCleanArchitectureTests.xctest */ = {isa = PBXFileReference; explicitFileType = wrapper.cfbundle; includeInIndex = 0; path = RickGamesHubCleanArchitectureTests.xctest; sourceTree = BUILT_PRODUCTS_DIR; };
		EA63AAA92D1568C900328B28 /* RickGamesHubCleanArchitectureUITests.xctest */ = {isa = PBXFileReference; explicitFileType = wrapper.cfbundle; includeInIndex = 0; path = RickGamesHubCleanArchitectureUITests.xctest; sourceTree = BUILT_PRODUCTS_DIR; };
/* End PBXFileReference section */

/* Begin PBXFileSystemSynchronizedBuildFileExceptionSet section */
		EA47B11F2D157CCE0007D95F /* Exceptions for "RickGamesHubCleanArchitecture" folder in "RickGamesHubCleanArchitecture" target */ = {
			isa = PBXFileSystemSynchronizedBuildFileExceptionSet;
			membershipExceptions = (
				Info.plist,
			);
			target = EA63AA8E2D1568C700328B28 /* RickGamesHubCleanArchitecture */;
		};
/* End PBXFileSystemSynchronizedBuildFileExceptionSet section */

/* Begin PBXFileSystemSynchronizedRootGroup section */
		EA63AA912D1568C700328B28 /* RickGamesHubCleanArchitecture */ = {
			isa = PBXFileSystemSynchronizedRootGroup;
			exceptions = (
				EA47B11F2D157CCE0007D95F /* Exceptions for "RickGamesHubCleanArchitecture" folder in "RickGamesHubCleanArchitecture" target */,
			);
			path = RickGamesHubCleanArchitecture;
			sourceTree = "<group>";
		};
		EA63AAA22D1568C900328B28 /* RickGamesHubCleanArchitectureTests */ = {
			isa = PBXFileSystemSynchronizedRootGroup;
			path = RickGamesHubCleanArchitectureTests;
			sourceTree = "<group>";
		};
		EA63AAAC2D1568C900328B28 /* RickGamesHubCleanArchitectureUITests */ = {
			isa = PBXFileSystemSynchronizedRootGroup;
			path = RickGamesHubCleanArchitectureUITests;
			sourceTree = "<group>";
		};
/* End PBXFileSystemSynchronizedRootGroup section */

/* Begin PBXFrameworksBuildPhase section */
		EA63AA8C2D1568C700328B28 /* Frameworks */ = {
			isa = PBXFrameworksBuildPhase;
			buildActionMask = 2147483647;
			files = (
				EA63AB332D156D0500328B28 /* SDWebImageSwiftUI in Frameworks */,
				EA63AB302D156CE200328B28 /* Alamofire in Frameworks */,
			);
			runOnlyForDeploymentPostprocessing = 0;
		};
		EA63AA9C2D1568C900328B28 /* Frameworks */ = {
			isa = PBXFrameworksBuildPhase;
			buildActionMask = 2147483647;
			files = (
			);
			runOnlyForDeploymentPostprocessing = 0;
		};
		EA63AAA62D1568C900328B28 /* Frameworks */ = {
			isa = PBXFrameworksBuildPhase;
			buildActionMask = 2147483647;
			files = (
			);
			runOnlyForDeploymentPostprocessing = 0;
		};
/* End PBXFrameworksBuildPhase section */

/* Begin PBXGroup section */
		EA63AA862D1568C700328B28 = {
			isa = PBXGroup;
			children = (
				EA63AA912D1568C700328B28 /* RickGamesHubCleanArchitecture */,
				EA63AAA22D1568C900328B28 /* RickGamesHubCleanArchitectureTests */,
				EA63AAAC2D1568C900328B28 /* RickGamesHubCleanArchitectureUITests */,
				EA63AA902D1568C700328B28 /* Products */,
			);
			sourceTree = "<group>";
		};
		EA63AA902D1568C700328B28 /* Products */ = {
			isa = PBXGroup;
			children = (
				EA63AA8F2D1568C700328B28 /* RickGamesHubCleanArchitecture.app */,
				EA63AA9F2D1568C900328B28 /* RickGamesHubCleanArchitectureTests.xctest */,
				EA63AAA92D1568C900328B28 /* RickGamesHubCleanArchitectureUITests.xctest */,
			);
			name = Products;
			sourceTree = "<group>";
		};
/* End PBXGroup section */

/* Begin PBXNativeTarget section */
		EA63AA8E2D1568C700328B28 /* RickGamesHubCleanArchitecture */ = {
			isa = PBXNativeTarget;
			buildConfigurationList = EA63AAB32D1568C900328B28 /* Build configuration list for PBXNativeTarget "RickGamesHubCleanArchitecture" */;
			buildPhases = (
				EA63AA8B2D1568C700328B28 /* Sources */,
				EA63AA8C2D1568C700328B28 /* Frameworks */,
				EA63AA8D2D1568C700328B28 /* Resources */,
			);
			buildRules = (
			);
			dependencies = (
			);
			fileSystemSynchronizedGroups = (
				EA63AA912D1568C700328B28 /* RickGamesHubCleanArchitecture */,
			);
			name = RickGamesHubCleanArchitecture;
			packageProductDependencies = (
				EA63AB2F2D156CE200328B28 /* Alamofire */,
				EA63AB322D156D0500328B28 /* SDWebImageSwiftUI */,
			);
			productName = RickGamesHubCleanArchitecture;
			productReference = EA63AA8F2D1568C700328B28 /* RickGamesHubCleanArchitecture.app */;
			productType = "com.apple.product-type.application";
		};
		EA63AA9E2D1568C900328B28 /* RickGamesHubCleanArchitectureTests */ = {
			isa = PBXNativeTarget;
			buildConfigurationList = EA63AAB62D1568C900328B28 /* Build configuration list for PBXNativeTarget "RickGamesHubCleanArchitectureTests" */;
			buildPhases = (
				EA63AA9B2D1568C900328B28 /* Sources */,
				EA63AA9C2D1568C900328B28 /* Frameworks */,
				EA63AA9D2D1568C900328B28 /* Resources */,
			);
			buildRules = (
			);
			dependencies = (
				EA63AAA12D1568C900328B28 /* PBXTargetDependency */,
			);
			fileSystemSynchronizedGroups = (
				EA63AAA22D1568C900328B28 /* RickGamesHubCleanArchitectureTests */,
			);
			name = RickGamesHubCleanArchitectureTests;
			packageProductDependencies = (
			);
			productName = RickGamesHubCleanArchitectureTests;
			productReference = EA63AA9F2D1568C900328B28 /* RickGamesHubCleanArchitectureTests.xctest */;
			productType = "com.apple.product-type.bundle.unit-test";
		};
		EA63AAA82D1568C900328B28 /* RickGamesHubCleanArchitectureUITests */ = {
			isa = PBXNativeTarget;
			buildConfigurationList = EA63AAB92D1568C900328B28 /* Build configuration list for PBXNativeTarget "RickGamesHubCleanArchitectureUITests" */;
			buildPhases = (
				EA63AAA52D1568C900328B28 /* Sources */,
				EA63AAA62D1568C900328B28 /* Frameworks */,
				EA63AAA72D1568C900328B28 /* Resources */,
			);
			buildRules = (
			);
			dependencies = (
				EA63AAAB2D1568C900328B28 /* PBXTargetDependency */,
			);
			fileSystemSynchronizedGroups = (
				EA63AAAC2D1568C900328B28 /* RickGamesHubCleanArchitectureUITests */,
			);
			name = RickGamesHubCleanArchitectureUITests;
			packageProductDependencies = (
			);
			productName = RickGamesHubCleanArchitectureUITests;
			productReference = EA63AAA92D1568C900328B28 /* RickGamesHubCleanArchitectureUITests.xctest */;
			productType = "com.apple.product-type.bundle.ui-testing";
		};
/* End PBXNativeTarget section */

/* Begin PBXProject section */
		EA63AA872D1568C700328B28 /* Project object */ = {
			isa = PBXProject;
			attributes = {
				BuildIndependentTargetsInParallel = 1;
				LastSwiftUpdateCheck = 1600;
				LastUpgradeCheck = 1600;
				TargetAttributes = {
					EA63AA8E2D1568C700328B28 = {
						CreatedOnToolsVersion = 16.0;
					};
					EA63AA9E2D1568C900328B28 = {
						CreatedOnToolsVersion = 16.0;
						TestTargetID = EA63AA8E2D1568C700328B28;
					};
					EA63AAA82D1568C900328B28 = {
						CreatedOnToolsVersion = 16.0;
						TestTargetID = EA63AA8E2D1568C700328B28;
					};
				};
			};
			buildConfigurationList = EA63AA8A2D1568C700328B28 /* Build configuration list for PBXProject "RickGamesHubCleanArchitecture" */;
			developmentRegion = en;
			hasScannedForEncodings = 0;
			knownRegions = (
				en,
				Base,
			);
			mainGroup = EA63AA862D1568C700328B28;
			minimizedProjectReferenceProxies = 1;
			packageReferences = (
				EA63AB2E2D156CE200328B28 /* XCRemoteSwiftPackageReference "Alamofire" */,
				EA63AB312D156D0500328B28 /* XCRemoteSwiftPackageReference "SDWebImageSwiftUI" */,
			);
			preferredProjectObjectVersion = 77;
			productRefGroup = EA63AA902D1568C700328B28 /* Products */;
			projectDirPath = "";
			projectRoot = "";
			targets = (
				EA63AA8E2D1568C700328B28 /* RickGamesHubCleanArchitecture */,
				EA63AA9E2D1568C900328B28 /* RickGamesHubCleanArchitectureTests */,
				EA63AAA82D1568C900328B28 /* RickGamesHubCleanArchitectureUITests */,
			);
		};
/* End PBXProject section */

/* Begin PBXResourcesBuildPhase section */
		EA63AA8D2D1568C700328B28 /* Resources */ = {
			isa = PBXResourcesBuildPhase;
			buildActionMask = 2147483647;
			files = (
			);
			runOnlyForDeploymentPostprocessing = 0;
		};
		EA63AA9D2D1568C900328B28 /* Resources */ = {
			isa = PBXResourcesBuildPhase;
			buildActionMask = 2147483647;
			files = (
			);
			runOnlyForDeploymentPostprocessing = 0;
		};
		EA63AAA72D1568C900328B28 /* Resources */ = {
			isa = PBXResourcesBuildPhase;
			buildActionMask = 2147483647;
			files = (
			);
			runOnlyForDeploymentPostprocessing = 0;
		};
/* End PBXResourcesBuildPhase section */

/* Begin PBXSourcesBuildPhase section */
		EA63AA8B2D1568C700328B28 /* Sources */ = {
			isa = PBXSourcesBuildPhase;
			buildActionMask = 2147483647;
			files = (
			);
			runOnlyForDeploymentPostprocessing = 0;
		};
		EA63AA9B2D1568C900328B28 /* Sources */ = {
			isa = PBXSourcesBuildPhase;
			buildActionMask = 2147483647;
			files = (
			);
			runOnlyForDeploymentPostprocessing = 0;
		};
		EA63AAA52D1568C900328B28 /* Sources */ = {
			isa = PBXSourcesBuildPhase;
			buildActionMask = 2147483647;
			files = (
			);
			runOnlyForDeploymentPostprocessing = 0;
		};
/* End PBXSourcesBuildPhase section */

/* Begin PBXTargetDependency section */
		EA63AAA12D1568C900328B28 /* PBXTargetDependency */ = {
			isa = PBXTargetDependency;
			target = EA63AA8E2D1568C700328B28 /* RickGamesHubCleanArchitecture */;
			targetProxy = EA63AAA02D1568C900328B28 /* PBXContainerItemProxy */;
		};
		EA63AAAB2D1568C900328B28 /* PBXTargetDependency */ = {
			isa = PBXTargetDependency;
			target = EA63AA8E2D1568C700328B28 /* RickGamesHubCleanArchitecture */;
			targetProxy = EA63AAAA2D1568C900328B28 /* PBXContainerItemProxy */;
		};
/* End PBXTargetDependency section */

/* Begin XCBuildConfiguration section */
		EA63AAB12D1568C900328B28 /* Debug */ = {
			isa = XCBuildConfiguration;
			buildSettings = {
				ALWAYS_SEARCH_USER_PATHS = NO;
				ASSETCATALOG_COMPILER_GENERATE_SWIFT_ASSET_SYMBOL_EXTENSIONS = YES;
				CLANG_ANALYZER_NONNULL = YES;
				CLANG_ANALYZER_NUMBER_OBJECT_CONVERSION = YES_AGGRESSIVE;
				CLANG_CXX_LANGUAGE_STANDARD = "gnu++20";
				CLANG_ENABLE_MODULES = YES;
				CLANG_ENABLE_OBJC_ARC = YES;
				CLANG_ENABLE_OBJC_WEAK = YES;
				CLANG_WARN_BLOCK_CAPTURE_AUTORELEASING = YES;
				CLANG_WARN_BOOL_CONVERSION = YES;
				CLANG_WARN_COMMA = YES;
				CLANG_WARN_CONSTANT_CONVERSION = YES;
				CLANG_WARN_DEPRECATED_OBJC_IMPLEMENTATIONS = YES;
				CLANG_WARN_DIRECT_OBJC_ISA_USAGE = YES_ERROR;
				CLANG_WARN_DOCUMENTATION_COMMENTS = YES;
				CLANG_WARN_EMPTY_BODY = YES;
				CLANG_WARN_ENUM_CONVERSION = YES;
				CLANG_WARN_INFINITE_RECURSION = YES;
				CLANG_WARN_INT_CONVERSION = YES;
				CLANG_WARN_NON_LITERAL_NULL_CONVERSION = YES;
				CLANG_WARN_OBJC_IMPLICIT_RETAIN_SELF = YES;
				CLANG_WARN_OBJC_LITERAL_CONVERSION = YES;
				CLANG_WARN_OBJC_ROOT_CLASS = YES_ERROR;
				CLANG_WARN_QUOTED_INCLUDE_IN_FRAMEWORK_HEADER = YES;
				CLANG_WARN_RANGE_LOOP_ANALYSIS = YES;
				CLANG_WARN_STRICT_PROTOTYPES = YES;
				CLANG_WARN_SUSPICIOUS_MOVE = YES;
				CLANG_WARN_UNGUARDED_AVAILABILITY = YES_AGGRESSIVE;
				CLANG_WARN_UNREACHABLE_CODE = YES;
				CLANG_WARN__DUPLICATE_METHOD_MATCH = YES;
				COPY_PHASE_STRIP = NO;
				DEBUG_INFORMATION_FORMAT = dwarf;
				ENABLE_STRICT_OBJC_MSGSEND = YES;
				ENABLE_TESTABILITY = YES;
				ENABLE_USER_SCRIPT_SANDBOXING = YES;
				GCC_C_LANGUAGE_STANDARD = gnu17;
				GCC_DYNAMIC_NO_PIC = NO;
				GCC_NO_COMMON_BLOCKS = YES;
				GCC_OPTIMIZATION_LEVEL = 0;
				GCC_PREPROCESSOR_DEFINITIONS = (
					"DEBUG=1",
					"$(inherited)",
				);
				GCC_WARN_64_TO_32_BIT_CONVERSION = YES;
				GCC_WARN_ABOUT_RETURN_TYPE = YES_ERROR;
				GCC_WARN_UNDECLARED_SELECTOR = YES;
				GCC_WARN_UNINITIALIZED_AUTOS = YES_AGGRESSIVE;
				GCC_WARN_UNUSED_FUNCTION = YES;
				GCC_WARN_UNUSED_VARIABLE = YES;
				IPHONEOS_DEPLOYMENT_TARGET = 18.0;
				LOCALIZATION_PREFERS_STRING_CATALOGS = YES;
				MTL_ENABLE_DEBUG_INFO = INCLUDE_SOURCE;
				MTL_FAST_MATH = YES;
				ONLY_ACTIVE_ARCH = YES;
				SDKROOT = iphoneos;
				SWIFT_ACTIVE_COMPILATION_CONDITIONS = "DEBUG $(inherited)";
				SWIFT_OPTIMIZATION_LEVEL = "-Onone";
			};
			name = Debug;
		};
		EA63AAB22D1568C900328B28 /* Release */ = {
			isa = XCBuildConfiguration;
			buildSettings = {
				ALWAYS_SEARCH_USER_PATHS = NO;
				ASSETCATALOG_COMPILER_GENERATE_SWIFT_ASSET_SYMBOL_EXTENSIONS = YES;
				CLANG_ANALYZER_NONNULL = YES;
				CLANG_ANALYZER_NUMBER_OBJECT_CONVERSION = YES_AGGRESSIVE;
				CLANG_CXX_LANGUAGE_STANDARD = "gnu++20";
				CLANG_ENABLE_MODULES = YES;
				CLANG_ENABLE_OBJC_ARC = YES;
				CLANG_ENABLE_OBJC_WEAK = YES;
				CLANG_WARN_BLOCK_CAPTURE_AUTORELEASING = YES;
				CLANG_WARN_BOOL_CONVERSION = YES;
				CLANG_WARN_COMMA = YES;
				CLANG_WARN_CONSTANT_CONVERSION = YES;
				CLANG_WARN_DEPRECATED_OBJC_IMPLEMENTATIONS = YES;
				CLANG_WARN_DIRECT_OBJC_ISA_USAGE = YES_ERROR;
				CLANG_WARN_DOCUMENTATION_COMMENTS = YES;
				CLANG_WARN_EMPTY_BODY = YES;
				CLANG_WARN_ENUM_CONVERSION = YES;
				CLANG_WARN_INFINITE_RECURSION = YES;
				CLANG_WARN_INT_CONVERSION = YES;
				CLANG_WARN_NON_LITERAL_NULL_CONVERSION = YES;
				CLANG_WARN_OBJC_IMPLICIT_RETAIN_SELF = YES;
				CLANG_WARN_OBJC_LITERAL_CONVERSION = YES;
				CLANG_WARN_OBJC_ROOT_CLASS = YES_ERROR;
				CLANG_WARN_QUOTED_INCLUDE_IN_FRAMEWORK_HEADER = YES;
				CLANG_WARN_RANGE_LOOP_ANALYSIS = YES;
				CLANG_WARN_STRICT_PROTOTYPES = YES;
				CLANG_WARN_SUSPICIOUS_MOVE = YES;
				CLANG_WARN_UNGUARDED_AVAILABILITY = YES_AGGRESSIVE;
				CLANG_WARN_UNREACHABLE_CODE = YES;
				CLANG_WARN__DUPLICATE_METHOD_MATCH = YES;
				COPY_PHASE_STRIP = NO;
				DEBUG_INFORMATION_FORMAT = "dwarf-with-dsym";
				ENABLE_NS_ASSERTIONS = NO;
				ENABLE_STRICT_OBJC_MSGSEND = YES;
				ENABLE_USER_SCRIPT_SANDBOXING = YES;
				GCC_C_LANGUAGE_STANDARD = gnu17;
				GCC_NO_COMMON_BLOCKS = YES;
				GCC_WARN_64_TO_32_BIT_CONVERSION = YES;
				GCC_WARN_ABOUT_RETURN_TYPE = YES_ERROR;
				GCC_WARN_UNDECLARED_SELECTOR = YES;
				GCC_WARN_UNINITIALIZED_AUTOS = YES_AGGRESSIVE;
				GCC_WARN_UNUSED_FUNCTION = YES;
				GCC_WARN_UNUSED_VARIABLE = YES;
				IPHONEOS_DEPLOYMENT_TARGET = 18.0;
				LOCALIZATION_PREFERS_STRING_CATALOGS = YES;
				MTL_ENABLE_DEBUG_INFO = NO;
				MTL_FAST_MATH = YES;
				SDKROOT = iphoneos;
				SWIFT_COMPILATION_MODE = wholemodule;
				VALIDATE_PRODUCT = YES;
			};
			name = Release;
		};
		EA63AAB42D1568C900328B28 /* Debug */ = {
			isa = XCBuildConfiguration;
			buildSettings = {
				ASSETCATALOG_COMPILER_APPICON_NAME = AppIcon;
				ASSETCATALOG_COMPILER_GLOBAL_ACCENT_COLOR_NAME = AccentColor;
				CODE_SIGN_STYLE = Automatic;
				CURRENT_PROJECT_VERSION = 1;
				DEVELOPMENT_ASSET_PATHS = "\"RickGamesHubCleanArchitecture/Preview Content\"";
				DEVELOPMENT_TEAM = BVPC6QX93W;
				ENABLE_PREVIEWS = YES;
				GENERATE_INFOPLIST_FILE = YES;
				INFOPLIST_FILE = RickGamesHubCleanArchitecture/Info.plist;
				INFOPLIST_KEY_UIApplicationSceneManifest_Generation = YES;
				INFOPLIST_KEY_UIApplicationSupportsIndirectInputEvents = YES;
				INFOPLIST_KEY_UILaunchScreen_Generation = YES;
				INFOPLIST_KEY_UISupportedInterfaceOrientations_iPad = "UIInterfaceOrientationPortrait UIInterfaceOrientationPortraitUpsideDown UIInterfaceOrientationLandscapeLeft UIInterfaceOrientationLandscapeRight";
				INFOPLIST_KEY_UISupportedInterfaceOrientations_iPhone = "UIInterfaceOrientationPortrait UIInterfaceOrientationLandscapeLeft UIInterfaceOrientationLandscapeRight";
				LD_RUNPATH_SEARCH_PATHS = (
					"$(inherited)",
					"@executable_path/Frameworks",
				);
				MARKETING_VERSION = 1.0;
				PRODUCT_BUNDLE_IDENTIFIER = com.rickyprimay.RickGamesHubCleanArchitecture;
				PRODUCT_NAME = "$(TARGET_NAME)";
				SWIFT_EMIT_LOC_STRINGS = YES;
				SWIFT_VERSION = 5.0;
				TARGETED_DEVICE_FAMILY = "1,2";
			};
			name = Debug;
		};
		EA63AAB52D1568C900328B28 /* Release */ = {
			isa = XCBuildConfiguration;
			buildSettings = {
				ASSETCATALOG_COMPILER_APPICON_NAME = AppIcon;
				ASSETCATALOG_COMPILER_GLOBAL_ACCENT_COLOR_NAME = AccentColor;
				CODE_SIGN_STYLE = Automatic;
				CURRENT_PROJECT_VERSION = 1;
				DEVELOPMENT_ASSET_PATHS = "\"RickGamesHubCleanArchitecture/Preview Content\"";
				DEVELOPMENT_TEAM = BVPC6QX93W;
				ENABLE_PREVIEWS = YES;
				GENERATE_INFOPLIST_FILE = YES;
				INFOPLIST_FILE = RickGamesHubCleanArchitecture/Info.plist;
				INFOPLIST_KEY_UIApplicationSceneManifest_Generation = YES;
				INFOPLIST_KEY_UIApplicationSupportsIndirectInputEvents = YES;
				INFOPLIST_KEY_UILaunchScreen_Generation = YES;
				INFOPLIST_KEY_UISupportedInterfaceOrientations_iPad = "UIInterfaceOrientationPortrait UIInterfaceOrientationPortraitUpsideDown UIInterfaceOrientationLandscapeLeft UIInterfaceOrientationLandscapeRight";
				INFOPLIST_KEY_UISupportedInterfaceOrientations_iPhone = "UIInterfaceOrientationPortrait UIInterfaceOrientationLandscapeLeft UIInterfaceOrientationLandscapeRight";
				LD_RUNPATH_SEARCH_PATHS = (
					"$(inherited)",
					"@executable_path/Frameworks",
				);
				MARKETING_VERSION = 1.0;
				PRODUCT_BUNDLE_IDENTIFIER = com.rickyprimay.RickGamesHubCleanArchitecture;
				PRODUCT_NAME = "$(TARGET_NAME)";
				SWIFT_EMIT_LOC_STRINGS = YES;
				SWIFT_VERSION = 5.0;
				TARGETED_DEVICE_FAMILY = "1,2";
			};
			name = Release;
		};
		EA63AAB72D1568C900328B28 /* Debug */ = {
			isa = XCBuildConfiguration;
			buildSettings = {
				BUNDLE_LOADER = "$(TEST_HOST)";
				CODE_SIGN_STYLE = Automatic;
				CURRENT_PROJECT_VERSION = 1;
				DEVELOPMENT_TEAM = BVPC6QX93W;
				GENERATE_INFOPLIST_FILE = YES;
				IPHONEOS_DEPLOYMENT_TARGET = 18.0;
				MARKETING_VERSION = 1.0;
				PRODUCT_BUNDLE_IDENTIFIER = com.rickyprimay.RickGamesHubCleanArchitectureTests;
				PRODUCT_NAME = "$(TARGET_NAME)";
				SWIFT_EMIT_LOC_STRINGS = NO;
				SWIFT_VERSION = 5.0;
				TARGETED_DEVICE_FAMILY = "1,2";
				TEST_HOST = "$(BUILT_PRODUCTS_DIR)/RickGamesHubCleanArchitecture.app/$(BUNDLE_EXECUTABLE_FOLDER_PATH)/RickGamesHubCleanArchitecture";
			};
			name = Debug;
		};
		EA63AAB82D1568C900328B28 /* Release */ = {
			isa = XCBuildConfiguration;
			buildSettings = {
				BUNDLE_LOADER = "$(TEST_HOST)";
				CODE_SIGN_STYLE = Automatic;
				CURRENT_PROJECT_VERSION = 1;
				DEVELOPMENT_TEAM = BVPC6QX93W;
				GENERATE_INFOPLIST_FILE = YES;
				IPHONEOS_DEPLOYMENT_TARGET = 18.0;
				MARKETING_VERSION = 1.0;
				PRODUCT_BUNDLE_IDENTIFIER = com.rickyprimay.RickGamesHubCleanArchitectureTests;
				PRODUCT_NAME = "$(TARGET_NAME)";
				SWIFT_EMIT_LOC_STRINGS = NO;
				SWIFT_VERSION = 5.0;
				TARGETED_DEVICE_FAMILY = "1,2";
				TEST_HOST = "$(BUILT_PRODUCTS_DIR)/RickGamesHubCleanArchitecture.app/$(BUNDLE_EXECUTABLE_FOLDER_PATH)/RickGamesHubCleanArchitecture";
			};
			name = Release;
		};
		EA63AABA2D1568C900328B28 /* Debug */ = {
			isa = XCBuildConfiguration;
			buildSettings = {
				CODE_SIGN_STYLE = Automatic;
				CURRENT_PROJECT_VERSION = 1;
				DEVELOPMENT_TEAM = BVPC6QX93W;
				GENERATE_INFOPLIST_FILE = YES;
				MARKETING_VERSION = 1.0;
				PRODUCT_BUNDLE_IDENTIFIER = com.rickyprimay.RickGamesHubCleanArchitectureUITests;
				PRODUCT_NAME = "$(TARGET_NAME)";
				SWIFT_EMIT_LOC_STRINGS = NO;
				SWIFT_VERSION = 5.0;
				TARGETED_DEVICE_FAMILY = "1,2";
				TEST_TARGET_NAME = RickGamesHubCleanArchitecture;
			};
			name = Debug;
		};
		EA63AABB2D1568C900328B28 /* Release */ = {
			isa = XCBuildConfiguration;
			buildSettings = {
				CODE_SIGN_STYLE = Automatic;
				CURRENT_PROJECT_VERSION = 1;
				DEVELOPMENT_TEAM = BVPC6QX93W;
				GENERATE_INFOPLIST_FILE = YES;
				MARKETING_VERSION = 1.0;
				PRODUCT_BUNDLE_IDENTIFIER = com.rickyprimay.RickGamesHubCleanArchitectureUITests;
				PRODUCT_NAME = "$(TARGET_NAME)";
				SWIFT_EMIT_LOC_STRINGS = NO;
				SWIFT_VERSION = 5.0;
				TARGETED_DEVICE_FAMILY = "1,2";
				TEST_TARGET_NAME = RickGamesHubCleanArchitecture;
			};
			name = Release;
		};
/* End XCBuildConfiguration section */

/* Begin XCConfigurationList section */
		EA63AA8A2D1568C700328B28 /* Build configuration list for PBXProject "RickGamesHubCleanArchitecture" */ = {
			isa = XCConfigurationList;
			buildConfigurations = (
				EA63AAB12D1568C900328B28 /* Debug */,
				EA63AAB22D1568C900328B28 /* Release */,
			);
			defaultConfigurationIsVisible = 0;
			defaultConfigurationName = Release;
		};
		EA63AAB32D1568C900328B28 /* Build configuration list for PBXNativeTarget "RickGamesHubCleanArchitecture" */ = {
			isa = XCConfigurationList;
			buildConfigurations = (
				EA63AAB42D1568C900328B28 /* Debug */,
				EA63AAB52D1568C900328B28 /* Release */,
			);
			defaultConfigurationIsVisible = 0;
			defaultConfigurationName = Release;
		};
		EA63AAB62D1568C900328B28 /* Build configuration list for PBXNativeTarget "RickGamesHubCleanArchitectureTests" */ = {
			isa = XCConfigurationList;
			buildConfigurations = (
				EA63AAB72D1568C900328B28 /* Debug */,
				EA63AAB82D1568C900328B28 /* Release */,
			);
			defaultConfigurationIsVisible = 0;
			defaultConfigurationName = Release;
		};
		EA63AAB92D1568C900328B28 /* Build configuration list for PBXNativeTarget "RickGamesHubCleanArchitectureUITests" */ = {
			isa = XCConfigurationList;
			buildConfigurations = (
				EA63AABA2D1568C900328B28 /* Debug */,
				EA63AABB2D1568C900328B28 /* Release */,
			);
			defaultConfigurationIsVisible = 0;
			defaultConfigurationName = Release;
		};
/* End XCConfigurationList section */

/* Begin XCRemoteSwiftPackageReference section */
		EA63AB2E2D156CE200328B28 /* XCRemoteSwiftPackageReference "Alamofire" */ = {
			isa = XCRemoteSwiftPackageReference;
			repositoryURL = "https://github.com/Alamofire/Alamofire.git";
			requirement = {
				kind = upToNextMajorVersion;
				minimumVersion = 5.10.2;
			};
		};
		EA63AB312D156D0500328B28 /* XCRemoteSwiftPackageReference "SDWebImageSwiftUI" */ = {
			isa = XCRemoteSwiftPackageReference;
			repositoryURL = "https://github.com/SDWebImage/SDWebImageSwiftUI.git";
			requirement = {
				kind = upToNextMajorVersion;
				minimumVersion = 3.1.3;
			};
		};
/* End XCRemoteSwiftPackageReference section */

/* Begin XCSwiftPackageProductDependency section */
		EA63AB2F2D156CE200328B28 /* Alamofire */ = {
			isa = XCSwiftPackageProductDependency;
			package = EA63AB2E2D156CE200328B28 /* XCRemoteSwiftPackageReference "Alamofire" */;
			productName = Alamofire;
		};
		EA63AB322D156D0500328B28 /* SDWebImageSwiftUI */ = {
			isa = XCSwiftPackageProductDependency;
			package = EA63AB312D156D0500328B28 /* XCRemoteSwiftPackageReference "SDWebImageSwiftUI" */;
			productName = SDWebImageSwiftUI;
		};
/* End XCSwiftPackageProductDependency section */
	};
	rootObject = EA63AA872D1568C700328B28 /* Project object */;
}
